
Microsoft Visual Studio Solution File, Format Version 12.00
# Visual Studio Version 16
VisualStudioVersion = 16.0.31515.178
MinimumVisualStudioVersion = 10.0.40219.1
Project("{9A19103F-16F7-4668-BE54-9A1E7A4F7556}") = "main", "main.csproj", "{07ACA0A6-253A-4CCB-B451-C50BC1B1FEAD}"
EndProject
Project("{2150E333-8FDC-42A3-9474-1A3956D46DE8}") = "Solution Items", "Solution Items", "{F0B19229-8565-499A-BC31-E5FC4B6E0BFC}"
	ProjectSection(SolutionItems) = preProject
		.editorconfig = .editorconfig
	EndProjectSection
EndProject
Global
	GlobalSection(SolutionConfigurationPlatforms) = preSolution
		Debug|Any CPU = Debug|Any CPU
		Release|Any CPU = Release|Any CPU
	EndGlobalSection
	GlobalSection(ProjectConfigurationPlatforms) = postSolution
		{07ACA0A6-253A-4CCB-B451-C50BC1B1FEAD}.Debug|Any CPU.ActiveCfg = Debug|Any CPU
		{07ACA0A6-253A-4CCB-B451-C50BC1B1FEAD}.Debug|Any CPU.Build.0 = Debug|Any CPU
		{07ACA0A6-253A-4CCB-B451-C50BC1B1FEAD}.Release|Any CPU.ActiveCfg = Release|Any CPU
		{07ACA0A6-253A-4CCB-B451-C50BC1B1FEAD}.Release|Any CPU.Build.0 = Release|Any CPU
	EndGlobalSection
	GlobalSection(SolutionProperties) = preSolution
		HideSolutionNode = FALSE
	EndGlobalSection
	GlobalSection(ExtensibilityGlobals) = postSolution
		SolutionGuid = {482E934E-E7DF-4837-A4BD-DA727FAEECAA}
	EndGlobalSection
EndGlobal
